// !$*UTF8*$!
{
	archiveVersion = 1;
	classes = {};
	objectVersion = 54;
	objects = {

/* Begin PBXBuildFile section */
		A10000000000000000000031 /* AppDelegate.swift in Sources */ = {isa = PBXBuildFile; fileRef = A10000000000000000000012 /* AppDelegate.swift */; };
		A10000000000000000000032 /* GeneratedPluginRegistrant.m in Sources */ = {isa = PBXBuildFile; fileRef = A10000000000000000000013 /* GeneratedPluginRegistrant.m */; };
		A10000000000000000000033 /* Assets.xcassets in Resources */ = {isa = PBXBuildFile; fileRef = A10000000000000000000018 /* Assets.xcassets */; };
		A10000000000000000000034 /* LaunchScreen.storyboard in Resources */ = {isa = PBXBuildFile; fileRef = A10000000000000000000016 /* LaunchScreen.storyboard */; };
		A10000000000000000000035 /* Main.storyboard in Resources */ = {isa = PBXBuildFile; fileRef = A10000000000000000000017 /* Main.storyboard */; };
		A10000000000000000000036 /* Flutter.framework in Frameworks */ = {isa = PBXBuildFile; fileRef = A10000000000000000000019 /* Flutter.framework */; };
/* End PBXBuildFile section */

/* Begin PBXFileReference section */
		A10000000000000000000012 /* AppDelegate.swift */ = {isa = PBXFileReference; lastKnownFileType = sourcecode.swift; path = AppDelegate.swift; sourceTree = "<group>"; };
		A10000000000000000000013 /* GeneratedPluginRegistrant.m */ = {isa = PBXFileReference; fileEncoding = 4; lastKnownFileType = sourcecode.c.objc; path = GeneratedPluginRegistrant.m; sourceTree = "<group>"; };
		A10000000000000000000014 /* GeneratedPluginRegistrant.h */ = {isa = PBXFileReference; lastKnownFileType = sourcecode.c.h; path = GeneratedPluginRegistrant.h; sourceTree = "<group>"; };
		A10000000000000000000015 /* Info.plist */ = {isa = PBXFileReference; lastKnownFileType = text.plist.xml; path = Info.plist; sourceTree = "<group>"; };
		A10000000000000000000016 /* LaunchScreen.storyboard */ = {isa = PBXFileReference; lastKnownFileType = file.storyboard; path = Base.lproj/LaunchScreen.storyboard; sourceTree = "<group>"; };
		A10000000000000000000017 /* Main.storyboard */ = {isa = PBXFileReference; lastKnownFileType = file.storyboard; path = Base.lproj/Main.storyboard; sourceTree = "<group>"; };
		A10000000000000000000018 /* Assets.xcassets */ = {isa = PBXFileReference; lastKnownFileType = folder.assetcatalog; path = Assets.xcassets; sourceTree = "<group>"; };
		A10000000000000000000019 /* Flutter.framework */ = {isa = PBXFileReference; lastKnownFileType = wrapper.framework; name = Flutter.framework; path = Flutter.framework; sourceTree = BUILT_PRODUCTS_DIR; };
		A10000000000000000000020 /* Runner.app */ = {isa = PBXFileReference; explicitFileType = wrapper.application; includeInIndex = 0; path = Runner.app; sourceTree = BUILT_PRODUCTS_DIR; };
		A10000000000000000000021 /* Debug.xcconfig */ = {isa = PBXFileReference; lastKnownFileType = text.xcconfig; path = Debug.xcconfig; sourceTree = "<group>"; };
		A10000000000000000000022 /* Release.xcconfig */ = {isa = PBXFileReference; lastKnownFileType = text.xcconfig; path = Release.xcconfig; sourceTree = "<group>"; };
		A10000000000000000000023 /* AppFrameworkInfo.plist */ = {isa = PBXFileReference; lastKnownFileType = text.plist.xml; path = AppFrameworkInfo.plist; sourceTree = "<group>"; };
		A10000000000000000000028 /* Profile.xcconfig */ = {isa = PBXFileReference; lastKnownFileType = text.xcconfig; path = Profile.xcconfig; sourceTree = "<group>"; };
		A10000000000000000000024 /* Runner.xcodeproj */ = {isa = PBXFileReference; lastKnownFileType = "wrapper.pb-project"; path = Runner.xcodeproj; sourceTree = "<group>"; };
		A10000000000000000000025 /* Runner.xcworkspace */ = {isa = PBXFileReference; lastKnownFileType = "wrapper.pb-workspace"; path = Runner.xcworkspace; sourceTree = "<group>"; };
/* End PBXFileReference section */

/* Begin PBXFrameworksBuildPhase section */
		A10000000000000000000008 /* Frameworks */ = {
			isa = PBXFrameworksBuildPhase;
			buildActionMask = 2147483647;
			files = (A10000000000000000000036 /* Flutter.framework in Frameworks */, );
			runOnlyForDeploymentPostprocessing = 0;
		};
/* End PBXFrameworksBuildPhase section */

/* Begin PBXGroup section */
		A10000000000000000000003 = {
			isa = PBXGroup;
			children = (
				A10000000000000000000004 /* Runner */,
				A10000000000000000000005 /* Flutter */,
				A10000000000000000000006 /* Products */,
				A10000000000000000000026 /* Frameworks */,
			);
			sourceTree = "<group>";
		};
		A10000000000000000000004 /* Runner */ = {
			isa = PBXGroup;
			path = Runner;
			sourceTree = "<group>";
			children = (
				A10000000000000000000012 /* AppDelegate.swift */,
				A10000000000000000000014 /* GeneratedPluginRegistrant.h */,
				A10000000000000000000013 /* GeneratedPluginRegistrant.m */,
				A10000000000000000000015 /* Info.plist */,
				A10000000000000000000018 /* Assets.xcassets */,
				A10000000000000000000016 /* LaunchScreen.storyboard */,
				A10000000000000000000017 /* Main.storyboard */,
			);
		};
		A10000000000000000000005 /* Flutter */ = {
			isa = PBXGroup;
			path = Flutter;
			sourceTree = "<group>";
			children = (
				A10000000000000000000021 /* Debug.xcconfig */,
				A10000000000000000000022 /* Release.xcconfig */,
				A10000000000000000000028 /* Profile.xcconfig */,
				A10000000000000000000023 /* AppFrameworkInfo.plist */,
			);
		};
		A10000000000000000000006 /* Products */ = {
			isa = PBXGroup;
			children = (A10000000000000000000020 /* Runner.app */, );
			name = Products;
			sourceTree = "<group>";
		};
		A10000000000000000000026 /* Frameworks */ = {
			isa = PBXGroup;
			children = (A10000000000000000000019 /* Flutter.framework */, );
			name = Frameworks;
			sourceTree = "<group>";
		};
/* End PBXGroup section */

/* Begin PBXNativeTarget section */
		A10000000000000000000002 /* Runner */ = {
			isa = PBXNativeTarget;
			buildConfigurationList = A10000000000000000000043 /* Build configuration list for PBXNativeTarget "Runner" */;
			buildPhases = (
				A10000000000000000000010 /* Flutter Build */,
				A10000000000000000000007 /* Sources */,
				A10000000000000000000008 /* Frameworks */,
				A10000000000000000000009 /* Resources */,
				A10000000000000000000011 /* Embed Flutter Frameworks */,
			);
			buildRules = ();
			dependencies = ();
			name = Runner;
			productName = Runner;
			productReference = A10000000000000000000020 /* Runner.app */;
			productType = "com.apple.product-type.application";
		};
/* End PBXNativeTarget section */

/* Begin PBXProject section */
		A10000000000000000000001 /* Project object */ = {
			isa = PBXProject;
			attributes = {
				BuildIndependentTargetsInParallel = YES;
				LastUpgradeCheck = 1500;
				TargetAttributes = {A10000000000000000000002 = {CreatedOnToolsVersion = 15.0; }; };
			};
			buildConfigurationList = A10000000000000000000042 /* Build configuration list for PBXProject "Runner" */;
			compatibilityVersion = "Xcode 14.0";
			developmentRegion = en;
			knownRegions = (en, Base, );
			mainGroup = A10000000000000000000003;
			productRefGroup = A10000000000000000000006 /* Products */;
			projectDirPath = "";
			projectRoot = "";
			targets = (A10000000000000000000002 /* Runner */, );
		};
/* End PBXProject section */

/* Begin PBXResourcesBuildPhase section */
		A10000000000000000000009 /* Resources */ = {
			isa = PBXResourcesBuildPhase;
			buildActionMask = 2147483647;
			files = (
				A10000000000000000000033 /* Assets.xcassets in Resources */,
				A10000000000000000000034 /* LaunchScreen.storyboard in Resources */,
				A10000000000000000000035 /* Main.storyboard in Resources */,
			);
			runOnlyForDeploymentPostprocessing = 0;
		};
/* End PBXResourcesBuildPhase section */

/* Begin PBXSourcesBuildPhase section */
		A10000000000000000000007 /* Sources */ = {
			isa = PBXSourcesBuildPhase;
			buildActionMask = 2147483647;
			files = (A10000000000000000000031 /* AppDelegate.swift in Sources */, A10000000000000000000032 /* GeneratedPluginRegistrant.m in Sources */, );
			runOnlyForDeploymentPostprocessing = 0;
		};
/* End PBXSourcesBuildPhase section */

/* Begin PBXShellScriptBuildPhase section */
		A10000000000000000000010 /* Flutter Build */ = {
			isa = PBXShellScriptBuildPhase;
			alwaysOutOfDate = 1;
			buildActionMask = 2147483647;
			files = ();
			inputPaths = ();
			name = "Flutter Build";
			outputPaths = ();
			runOnlyForDeploymentPostprocessing = 0;
			shellPath = /bin/sh;
			shellScript = "/bin/sh \"$FLUTTER_ROOT/packages/flutter_tools/bin/xcode_backend.sh\" build";
		};
		A10000000000000000000011 /* Embed Flutter Frameworks */ = {
			isa = PBXShellScriptBuildPhase;
			alwaysOutOfDate = 1;
			buildActionMask = 2147483647;
			files = ();
			inputPaths = ();
			name = "Embed Flutter Frameworks";
			outputPaths = ();
			runOnlyForDeploymentPostprocessing = 0;
			shellPath = /bin/sh;
			shellScript = "/bin/sh \"$FLUTTER_ROOT/packages/flutter_tools/bin/xcode_backend.sh\" embed_and_thin";
		};
/* End PBXShellScriptBuildPhase section */

/* Begin XCBuildConfiguration section */
		A10000000000000000000044 /* Debug */ = {
			isa = XCBuildConfiguration;
			buildSettings = {
				ALWAYS_SEARCH_USER_PATHS = NO;
				CLANG_ENABLE_MODULES = YES;
				CLANG_ENABLE_OBJC_ARC = YES;
				IPHONEOS_DEPLOYMENT_TARGET = 13.0;
				SDKROOT = iphoneos;
				SWIFT_VERSION = 5.0;
				SUPPORTED_PLATFORMS = "iphoneos iphonesimulator";
				TARGETED_DEVICE_FAMILY = "1,2";
			};
			name = Debug;
		};
		A10000000000000000000045 /* Release */ = {
			isa = XCBuildConfiguration;
			buildSettings = {
				ALWAYS_SEARCH_USER_PATHS = NO;
				CLANG_ENABLE_MODULES = YES;
				CLANG_ENABLE_OBJC_ARC = YES;
				IPHONEOS_DEPLOYMENT_TARGET = 13.0;
				SDKROOT = iphoneos;
				SWIFT_VERSION = 5.0;
				SUPPORTED_PLATFORMS = "iphoneos iphonesimulator";
				TARGETED_DEVICE_FAMILY = "1,2";
			};
			name = Release;
		};
		A10000000000000000000048 /* Profile */ = {
			isa = XCBuildConfiguration;
			buildSettings = {
				ALWAYS_SEARCH_USER_PATHS = NO;
				CLANG_ENABLE_MODULES = YES;
				CLANG_ENABLE_OBJC_ARC = YES;
				IPHONEOS_DEPLOYMENT_TARGET = 13.0;
				SDKROOT = iphoneos;
				SWIFT_VERSION = 5.0;
				SUPPORTED_PLATFORMS = "iphoneos iphonesimulator";
				TARGETED_DEVICE_FAMILY = "1,2";
			};
			name = Profile;
		};
		A10000000000000000000046 /* Debug */ = {
			isa = XCBuildConfiguration;
			baseConfigurationReference = A10000000000000000000021 /* Debug.xcconfig */;
			buildSettings = {
				ASSETCATALOG_COMPILER_GENERATE_SWIFT_ASSET_SYMBOL_EXTENSIONS = YES;
				CODE_SIGN_STYLE = Automatic;
				CURRENT_PROJECT_VERSION = "$(FLUTTER_BUILD_NUMBER)";
				ENABLE_BITCODE = NO;
				GENERATE_INFOPLIST_FILE = NO;
				INFOPLIST_FILE = Runner/Info.plist;
				IPHONEOS_DEPLOYMENT_TARGET = 13.0;
				LD_RUNPATH_SEARCH_PATHS = ("$(inherited)", "@executable_path/Frameworks", );
				PRODUCT_BUNDLE_IDENTIFIER = com.flavorflow.hrms;
				PRODUCT_NAME = "$(TARGET_NAME)";
				SWIFT_OBJC_BRIDGING_HEADER = "Runner/Runner-Bridging-Header.h";
				SWIFT_VERSION = 5.0;
				VERSIONING_SYSTEM = "apple-generic";
			};
			name = Debug;
		};
		A10000000000000000000047 /* Release */ = {
			isa = XCBuildConfiguration;
			baseConfigurationReference = A10000000000000000000022 /* Release.xcconfig */;
			buildSettings = {
				ASSETCATALOG_COMPILER_GENERATE_SWIFT_ASSET_SYMBOL_EXTENSIONS = YES;
				CODE_SIGN_STYLE = Automatic;
				CURRENT_PROJECT_VERSION = "$(FLUTTER_BUILD_NUMBER)";
				ENABLE_BITCODE = NO;
				GENERATE_INFOPLIST_FILE = NO;
				INFOPLIST_FILE = Runner/Info.plist;
				IPHONEOS_DEPLOYMENT_TARGET = 13.0;
				LD_RUNPATH_SEARCH_PATHS = ("$(inherited)", "@executable_path/Frameworks", );
				PRODUCT_BUNDLE_IDENTIFIER = com.flavorflow.hrms;
				PRODUCT_NAME = "$(TARGET_NAME)";
				SWIFT_OBJC_BRIDGING_HEADER = "Runner/Runner-Bridging-Header.h";
				SWIFT_VERSION = 5.0;
				VERSIONING_SYSTEM = "apple-generic";
			};
			name = Release;
		};
		A10000000000000000000049 /* Profile */ = {
			isa = XCBuildConfiguration;
			baseConfigurationReference = A10000000000000000000028 /* Profile.xcconfig */;
			buildSettings = {
				ASSETCATALOG_COMPILER_GENERATE_SWIFT_ASSET_SYMBOL_EXTENSIONS = YES;
				CODE_SIGN_STYLE = Automatic;
				CURRENT_PROJECT_VERSION = "$(FLUTTER_BUILD_NUMBER)";
				ENABLE_BITCODE = NO;
				GENERATE_INFOPLIST_FILE = NO;
				INFOPLIST_FILE = Runner/Info.plist;
				IPHONEOS_DEPLOYMENT_TARGET = 13.0;
				LD_RUNPATH_SEARCH_PATHS = ("$(inherited)", "@executable_path/Frameworks", );
				PRODUCT_BUNDLE_IDENTIFIER = com.flavorflow.hrms;
				PRODUCT_NAME = "$(TARGET_NAME)";
				SWIFT_OBJC_BRIDGING_HEADER = "Runner/Runner-Bridging-Header.h";
				SWIFT_VERSION = 5.0;
				VERSIONING_SYSTEM = "apple-generic";
			};
			name = Profile;
		};
/* End XCBuildConfiguration section */

/* Begin XCConfigurationList section */
		A10000000000000000000042 /* Build configuration list for PBXProject "Runner" */ = {
			isa = XCConfigurationList;
			buildConfigurations = (A10000000000000000000044 /* Debug */, A10000000000000000000045 /* Release */, A10000000000000000000048 /* Profile */, );
			defaultConfigurationIsVisible = 0;
			defaultConfigurationName = Release;
		};
		A10000000000000000000043 /* Build configuration list for PBXNativeTarget "Runner" */ = {
			isa = XCConfigurationList;
			buildConfigurations = (A10000000000000000000046 /* Debug */, A10000000000000000000047 /* Release */, A10000000000000000000049 /* Profile */, );
			defaultConfigurationIsVisible = 0;
			defaultConfigurationName = Release;
		};
/* End XCConfigurationList section */
	};
	rootObject = A10000000000000000000001 /* Project object */;
}
